// !$*UTF8*$!
{
	archiveVersion = 1;
	classes = {
	};
	objectVersion = 50;
	objects = {

/* Begin PBXBuildFile section */
		4C118A0921C2602C00D77F66 /* HomeViewControllerTests.m in Sources */ = {isa = PBXBuildFile; fileRef = 4C118A0821C2602C00D77F66 /* HomeViewControllerTests.m */; };
		4C71038121BA8B4E009F4E39 /* AppDelegate.m in Sources */ = {isa = PBXBuildFile; fileRef = 4C71038021BA8B4E009F4E39 /* AppDelegate.m */; };
		4C71038421BA8B4E009F4E39 /* ViewController.m in Sources */ = {isa = PBXBuildFile; fileRef = 4C71038321BA8B4E009F4E39 /* ViewController.m */; };
		4C71038721BA8B4E009F4E39 /* Main.storyboard in Resources */ = {isa = PBXBuildFile; fileRef = 4C71038521BA8B4E009F4E39 /* Main.storyboard */; };
		4C71038921BA8B4F009F4E39 /* Assets.xcassets in Resources */ = {isa = PBXBuildFile; fileRef = 4C71038821BA8B4F009F4E39 /* Assets.xcassets */; };
		4C71038C21BA8B4F009F4E39 /* LaunchScreen.storyboard in Resources */ = {isa = PBXBuildFile; fileRef = 4C71038A21BA8B4F009F4E39 /* LaunchScreen.storyboard */; };
		4C71038F21BA8B4F009F4E39 /* main.m in Sources */ = {isa = PBXBuildFile; fileRef = 4C71038E21BA8B4F009F4E39 /* main.m */; };
		4C71039921BA8B4F009F4E39 /* IosBuildPipelineProjectTests.m in Sources */ = {isa = PBXBuildFile; fileRef = 4C71039821BA8B4F009F4E39 /* IosBuildPipelineProjectTests.m */; };
		4C7103A421BA8B4F009F4E39 /* IosBuildPipelineProjectUITests.m in Sources */ = {isa = PBXBuildFile; fileRef = 4C7103A321BA8B4F009F4E39 /* IosBuildPipelineProjectUITests.m */; };
		4C8FF01C21C127A7008B51A3 /* HomeViewController.m in Sources */ = {isa = PBXBuildFile; fileRef = 4C8FF01B21C127A7008B51A3 /* HomeViewController.m */; };
/* End PBXBuildFile section */

/* Begin PBXContainerItemProxy section */
		4C71039521BA8B4F009F4E39 /* PBXContainerItemProxy */ = {
			isa = PBXContainerItemProxy;
			containerPortal = 4C71037421BA8B4E009F4E39 /* Project object */;
			proxyType = 1;
			remoteGlobalIDString = 4C71037B21BA8B4E009F4E39;
			remoteInfo = IosBuildPipelineProject;
		};
		4C7103A021BA8B4F009F4E39 /* PBXContainerItemProxy */ = {
			isa = PBXContainerItemProxy;
			containerPortal = 4C71037421BA8B4E009F4E39 /* Project object */;
			proxyType = 1;
			remoteGlobalIDString = 4C71037B21BA8B4E009F4E39;
			remoteInfo = IosBuildPipelineProject;
		};
/* End PBXContainerItemProxy section */

/* Begin PBXFileReference section */
		4C118A0821C2602C00D77F66 /* HomeViewControllerTests.m */ = {isa = PBXFileReference; lastKnownFileType = sourcecode.c.objc; path = HomeViewControllerTests.m; sourceTree = "<group>"; };
		4C71037C21BA8B4E009F4E39 /* IosBuildPipelineProject.app */ = {isa = PBXFileReference; explicitFileType = wrapper.application; includeInIndex = 0; path = IosBuildPipelineProject.app; sourceTree = BUILT_PRODUCTS_DIR; };
		4C71037F21BA8B4E009F4E39 /* AppDelegate.h */ = {isa = PBXFileReference; lastKnownFileType = sourcecode.c.h; path = AppDelegate.h; sourceTree = "<group>"; };
		4C71038021BA8B4E009F4E39 /* AppDelegate.m */ = {isa = PBXFileReference; lastKnownFileType = sourcecode.c.objc; path = AppDelegate.m; sourceTree = "<group>"; };
		4C71038221BA8B4E009F4E39 /* ViewController.h */ = {isa = PBXFileReference; lastKnownFileType = sourcecode.c.h; path = ViewController.h; sourceTree = "<group>"; };
		4C71038321BA8B4E009F4E39 /* ViewController.m */ = {isa = PBXFileReference; lastKnownFileType = sourcecode.c.objc; path = ViewController.m; sourceTree = "<group>"; };
		4C71038621BA8B4E009F4E39 /* Base */ = {isa = PBXFileReference; lastKnownFileType = file.storyboard; name = Base; path = Base.lproj/Main.storyboard; sourceTree = "<group>"; };
		4C71038821BA8B4F009F4E39 /* Assets.xcassets */ = {isa = PBXFileReference; lastKnownFileType = folder.assetcatalog; path = Assets.xcassets; sourceTree = "<group>"; };
		4C71038B21BA8B4F009F4E39 /* Base */ = {isa = PBXFileReference; lastKnownFileType = file.storyboard; name = Base; path = Base.lproj/LaunchScreen.storyboard; sourceTree = "<group>"; };
		4C71038D21BA8B4F009F4E39 /* Info.plist */ = {isa = PBXFileReference; lastKnownFileType = text.plist.xml; path = Info.plist; sourceTree = "<group>"; };
		4C71038E21BA8B4F009F4E39 /* main.m */ = {isa = PBXFileReference; lastKnownFileType = sourcecode.c.objc; path = main.m; sourceTree = "<group>"; };
		4C71039421BA8B4F009F4E39 /* IosBuildPipelineProjectTests.xctest */ = {isa = PBXFileReference; explicitFileType = wrapper.cfbundle; includeInIndex = 0; path = IosBuildPipelineProjectTests.xctest; sourceTree = BUILT_PRODUCTS_DIR; };
		4C71039821BA8B4F009F4E39 /* IosBuildPipelineProjectTests.m */ = {isa = PBXFileReference; lastKnownFileType = sourcecode.c.objc; path = IosBuildPipelineProjectTests.m; sourceTree = "<group>"; };
		4C71039A21BA8B4F009F4E39 /* Info.plist */ = {isa = PBXFileReference; lastKnownFileType = text.plist.xml; path = Info.plist; sourceTree = "<group>"; };
		4C71039F21BA8B4F009F4E39 /* IosBuildPipelineProjectUITests.xctest */ = {isa = PBXFileReference; explicitFileType = wrapper.cfbundle; includeInIndex = 0; path = IosBuildPipelineProjectUITests.xctest; sourceTree = BUILT_PRODUCTS_DIR; };
		4C7103A321BA8B4F009F4E39 /* IosBuildPipelineProjectUITests.m */ = {isa = PBXFileReference; lastKnownFileType = sourcecode.c.objc; path = IosBuildPipelineProjectUITests.m; sourceTree = "<group>"; };
		4C7103A521BA8B4F009F4E39 /* Info.plist */ = {isa = PBXFileReference; lastKnownFileType = text.plist.xml; path = Info.plist; sourceTree = "<group>"; };
		4C8FF01A21C127A7008B51A3 /* HomeViewController.h */ = {isa = PBXFileReference; lastKnownFileType = sourcecode.c.h; path = HomeViewController.h; sourceTree = "<group>"; };
		4C8FF01B21C127A7008B51A3 /* HomeViewController.m */ = {isa = PBXFileReference; lastKnownFileType = sourcecode.c.objc; path = HomeViewController.m; sourceTree = "<group>"; };
/* End PBXFileReference section */

/* Begin PBXFrameworksBuildPhase section */
		4C71037921BA8B4E009F4E39 /* Frameworks */ = {
			isa = PBXFrameworksBuildPhase;
			buildActionMask = 2147483647;
			files = (
			);
			runOnlyForDeploymentPostprocessing = 0;
		};
		4C71039121BA8B4F009F4E39 /* Frameworks */ = {
			isa = PBXFrameworksBuildPhase;
			buildActionMask = 2147483647;
			files = (
			);
			runOnlyForDeploymentPostprocessing = 0;
		};
		4C71039C21BA8B4F009F4E39 /* Frameworks */ = {
			isa = PBXFrameworksBuildPhase;
			buildActionMask = 2147483647;
			files = (
			);
			runOnlyForDeploymentPostprocessing = 0;
		};
/* End PBXFrameworksBuildPhase section */

/* Begin PBXGroup section */
		4C71037321BA8B4E009F4E39 = {
			isa = PBXGroup;
			children = (
				4C71037E21BA8B4E009F4E39 /* IosBuildPipelineProject */,
				4C71039721BA8B4F009F4E39 /* IosBuildPipelineProjectTests */,
				4C7103A221BA8B4F009F4E39 /* IosBuildPipelineProjectUITests */,
				4C71037D21BA8B4E009F4E39 /* Products */,
			);
			sourceTree = "<group>";
		};
		4C71037D21BA8B4E009F4E39 /* Products */ = {
			isa = PBXGroup;
			children = (
				4C71037C21BA8B4E009F4E39 /* IosBuildPipelineProject.app */,
				4C71039421BA8B4F009F4E39 /* IosBuildPipelineProjectTests.xctest */,
				4C71039F21BA8B4F009F4E39 /* IosBuildPipelineProjectUITests.xctest */,
			);
			name = Products;
			sourceTree = "<group>";
		};
		4C71037E21BA8B4E009F4E39 /* IosBuildPipelineProject */ = {
			isa = PBXGroup;
			children = (
				4C71037F21BA8B4E009F4E39 /* AppDelegate.h */,
				4C71038021BA8B4E009F4E39 /* AppDelegate.m */,
				4C71038221BA8B4E009F4E39 /* ViewController.h */,
				4C71038321BA8B4E009F4E39 /* ViewController.m */,
				4C71038521BA8B4E009F4E39 /* Main.storyboard */,
				4C8FF01A21C127A7008B51A3 /* HomeViewController.h */,
				4C8FF01B21C127A7008B51A3 /* HomeViewController.m */,
				4C71038821BA8B4F009F4E39 /* Assets.xcassets */,
				4C71038A21BA8B4F009F4E39 /* LaunchScreen.storyboard */,
				4C71038D21BA8B4F009F4E39 /* Info.plist */,
				4C71038E21BA8B4F009F4E39 /* main.m */,
			);
			path = IosBuildPipelineProject;
			sourceTree = "<group>";
		};
		4C71039721BA8B4F009F4E39 /* IosBuildPipelineProjectTests */ = {
			isa = PBXGroup;
			children = (
				4C71039821BA8B4F009F4E39 /* IosBuildPipelineProjectTests.m */,
				4C118A0821C2602C00D77F66 /* HomeViewControllerTests.m */,
				4C71039A21BA8B4F009F4E39 /* Info.plist */,
			);
			path = IosBuildPipelineProjectTests;
			sourceTree = "<group>";
		};
		4C7103A221BA8B4F009F4E39 /* IosBuildPipelineProjectUITests */ = {
			isa = PBXGroup;
			children = (
				4C7103A321BA8B4F009F4E39 /* IosBuildPipelineProjectUITests.m */,
				4C7103A521BA8B4F009F4E39 /* Info.plist */,
			);
			path = IosBuildPipelineProjectUITests;
			sourceTree = "<group>";
		};
/* End PBXGroup section */

/* Begin PBXNativeTarget section */
		4C71037B21BA8B4E009F4E39 /* IosBuildPipelineProject */ = {
			isa = PBXNativeTarget;
			buildConfigurationList = 4C7103A821BA8B4F009F4E39 /* Build configuration list for PBXNativeTarget "IosBuildPipelineProject" */;
			buildPhases = (
				4C71037821BA8B4E009F4E39 /* Sources */,
				4C71037921BA8B4E009F4E39 /* Frameworks */,
				4C71037A21BA8B4E009F4E39 /* Resources */,
			);
			buildRules = (
			);
			dependencies = (
			);
			name = IosBuildPipelineProject;
			productName = IosBuildPipelineProject;
			productReference = 4C71037C21BA8B4E009F4E39 /* IosBuildPipelineProject.app */;
			productType = "com.apple.product-type.application";
		};
		4C71039321BA8B4F009F4E39 /* IosBuildPipelineProjectTests */ = {
			isa = PBXNativeTarget;
			buildConfigurationList = 4C7103AB21BA8B4F009F4E39 /* Build configuration list for PBXNativeTarget "IosBuildPipelineProjectTests" */;
			buildPhases = (
				4C71039021BA8B4F009F4E39 /* Sources */,
				4C71039121BA8B4F009F4E39 /* Frameworks */,
				4C71039221BA8B4F009F4E39 /* Resources */,
			);
			buildRules = (
			);
			dependencies = (
				4C71039621BA8B4F009F4E39 /* PBXTargetDependency */,
			);
			name = IosBuildPipelineProjectTests;
			productName = IosBuildPipelineProjectTests;
			productReference = 4C71039421BA8B4F009F4E39 /* IosBuildPipelineProjectTests.xctest */;
			productType = "com.apple.product-type.bundle.unit-test";
		};
		4C71039E21BA8B4F009F4E39 /* IosBuildPipelineProjectUITests */ = {
			isa = PBXNativeTarget;
			buildConfigurationList = 4C7103AE21BA8B4F009F4E39 /* Build configuration list for PBXNativeTarget "IosBuildPipelineProjectUITests" */;
			buildPhases = (
				4C71039B21BA8B4F009F4E39 /* Sources */,
				4C71039C21BA8B4F009F4E39 /* Frameworks */,
				4C71039D21BA8B4F009F4E39 /* Resources */,
			);
			buildRules = (
			);
			dependencies = (
				4C7103A121BA8B4F009F4E39 /* PBXTargetDependency */,
			);
			name = IosBuildPipelineProjectUITests;
			productName = IosBuildPipelineProjectUITests;
			productReference = 4C71039F21BA8B4F009F4E39 /* IosBuildPipelineProjectUITests.xctest */;
			productType = "com.apple.product-type.bundle.ui-testing";
		};
/* End PBXNativeTarget section */

/* Begin PBXProject section */
		4C71037421BA8B4E009F4E39 /* Project object */ = {
			isa = PBXProject;
			attributes = {
				LastUpgradeCheck = 1000;
				ORGANIZATIONNAME = "Murali Krishna";
				TargetAttributes = {
					4C71037B21BA8B4E009F4E39 = {
						CreatedOnToolsVersion = 10.0;
					};
					4C71039321BA8B4F009F4E39 = {
						CreatedOnToolsVersion = 10.0;
						TestTargetID = 4C71037B21BA8B4E009F4E39;
					};
					4C71039E21BA8B4F009F4E39 = {
						CreatedOnToolsVersion = 10.0;
						TestTargetID = 4C71037B21BA8B4E009F4E39;
					};
				};
			};
			buildConfigurationList = 4C71037721BA8B4E009F4E39 /* Build configuration list for PBXProject "IosBuildPipelineProject" */;
			compatibilityVersion = "Xcode 9.3";
			developmentRegion = en;
			hasScannedForEncodings = 0;
			knownRegions = (
				en,
				Base,
			);
			mainGroup = 4C71037321BA8B4E009F4E39;
			productRefGroup = 4C71037D21BA8B4E009F4E39 /* Products */;
			projectDirPath = "";
			projectRoot = "";
			targets = (
				4C71037B21BA8B4E009F4E39 /* IosBuildPipelineProject */,
				4C71039321BA8B4F009F4E39 /* IosBuildPipelineProjectTests */,
				4C71039E21BA8B4F009F4E39 /* IosBuildPipelineProjectUITests */,
			);
		};
/* End PBXProject section */

/* Begin PBXResourcesBuildPhase section */
		4C71037A21BA8B4E009F4E39 /* Resources */ = {
			isa = PBXResourcesBuildPhase;
			buildActionMask = 2147483647;
			files = (
				4C71038C21BA8B4F009F4E39 /* LaunchScreen.storyboard in Resources */,
				4C71038921BA8B4F009F4E39 /* Assets.xcassets in Resources */,
				4C71038721BA8B4E009F4E39 /* Main.storyboard in Resources */,
			);
			runOnlyForDeploymentPostprocessing = 0;
		};
		4C71039221BA8B4F009F4E39 /* Resources */ = {
			isa = PBXResourcesBuildPhase;
			buildActionMask = 2147483647;
			files = (
			);
			runOnlyForDeploymentPostprocessing = 0;
		};
		4C71039D21BA8B4F009F4E39 /* Resources */ = {
			isa = PBXResourcesBuildPhase;
			buildActionMask = 2147483647;
			files = (
			);
			runOnlyForDeploymentPostprocessing = 0;
		};
/* End PBXResourcesBuildPhase section */

/* Begin PBXSourcesBuildPhase section */
		4C71037821BA8B4E009F4E39 /* Sources */ = {
			isa = PBXSourcesBuildPhase;
			buildActionMask = 2147483647;
			files = (
				4C71038421BA8B4E009F4E39 /* ViewController.m in Sources */,
				4C71038F21BA8B4F009F4E39 /* main.m in Sources */,
				4C71038121BA8B4E009F4E39 /* AppDelegate.m in Sources */,
				4C8FF01C21C127A7008B51A3 /* HomeViewController.m in Sources */,
			);
			runOnlyForDeploymentPostprocessing = 0;
		};
		4C71039021BA8B4F009F4E39 /* Sources */ = {
			isa = PBXSourcesBuildPhase;
			buildActionMask = 2147483647;
			files = (
				4C71039921BA8B4F009F4E39 /* IosBuildPipelineProjectTests.m in Sources */,
				4C118A0921C2602C00D77F66 /* HomeViewControllerTests.m in Sources */,
			);
			runOnlyForDeploymentPostprocessing = 0;
		};
		4C71039B21BA8B4F009F4E39 /* Sources */ = {
			isa = PBXSourcesBuildPhase;
			buildActionMask = 2147483647;
			files = (
				4C7103A421BA8B4F009F4E39 /* IosBuildPipelineProjectUITests.m in Sources */,
			);
			runOnlyForDeploymentPostprocessing = 0;
		};
/* End PBXSourcesBuildPhase section */

/* Begin PBXTargetDependency section */
		4C71039621BA8B4F009F4E39 /* PBXTargetDependency */ = {
			isa = PBXTargetDependency;
			target = 4C71037B21BA8B4E009F4E39 /* IosBuildPipelineProject */;
			targetProxy = 4C71039521BA8B4F009F4E39 /* PBXContainerItemProxy */;
		};
		4C7103A121BA8B4F009F4E39 /* PBXTargetDependency */ = {
			isa = PBXTargetDependency;
			target = 4C71037B21BA8B4E009F4E39 /* IosBuildPipelineProject */;
			targetProxy = 4C7103A021BA8B4F009F4E39 /* PBXContainerItemProxy */;
		};
/* End PBXTargetDependency section */

/* Begin PBXVariantGroup section */
		4C71038521BA8B4E009F4E39 /* Main.storyboard */ = {
			isa = PBXVariantGroup;
			children = (
				4C71038621BA8B4E009F4E39 /* Base */,
			);
			name = Main.storyboard;
			sourceTree = "<group>";
		};
		4C71038A21BA8B4F009F4E39 /* LaunchScreen.storyboard */ = {
			isa = PBXVariantGroup;
			children = (
				4C71038B21BA8B4F009F4E39 /* Base */,
			);
			name = LaunchScreen.storyboard;
			sourceTree = "<group>";
		};
/* End PBXVariantGroup section */

/* Begin XCBuildConfiguration section */
		4C7103A621BA8B4F009F4E39 /* Debug */ = {
			isa = XCBuildConfiguration;
			buildSettings = {
				ALWAYS_SEARCH_USER_PATHS = NO;
				CLANG_ANALYZER_NONNULL = YES;
				CLANG_ANALYZER_NUMBER_OBJECT_CONVERSION = YES_AGGRESSIVE;
				CLANG_CXX_LANGUAGE_STANDARD = "gnu++14";
				CLANG_CXX_LIBRARY = "libc++";
				CLANG_ENABLE_MODULES = YES;
				CLANG_ENABLE_OBJC_ARC = YES;
				CLANG_ENABLE_OBJC_WEAK = YES;
				CLANG_WARN_BLOCK_CAPTURE_AUTORELEASING = YES;
				CLANG_WARN_BOOL_CONVERSION = YES;
				CLANG_WARN_COMMA = YES;
				CLANG_WARN_CONSTANT_CONVERSION = YES;
				CLANG_WARN_DEPRECATED_OBJC_IMPLEMENTATIONS = YES;
				CLANG_WARN_DIRECT_OBJC_ISA_USAGE = YES_ERROR;
				CLANG_WARN_DOCUMENTATION_COMMENTS = YES;
				CLANG_WARN_EMPTY_BODY = YES;
				CLANG_WARN_ENUM_CONVERSION = YES;
				CLANG_WARN_INFINITE_RECURSION = YES;
				CLANG_WARN_INT_CONVERSION = YES;
				CLANG_WARN_NON_LITERAL_NULL_CONVERSION = YES;
				CLANG_WARN_OBJC_IMPLICIT_RETAIN_SELF = YES;
				CLANG_WARN_OBJC_LITERAL_CONVERSION = YES;
				CLANG_WARN_OBJC_ROOT_CLASS = YES_ERROR;
				CLANG_WARN_RANGE_LOOP_ANALYSIS = YES;
				CLANG_WARN_STRICT_PROTOTYPES = YES;
				CLANG_WARN_SUSPICIOUS_MOVE = YES;
				CLANG_WARN_UNGUARDED_AVAILABILITY = YES_AGGRESSIVE;
				CLANG_WARN_UNREACHABLE_CODE = YES;
				CLANG_WARN__DUPLICATE_METHOD_MATCH = YES;
				CODE_SIGN_IDENTITY = "iPhone Developer";
				COPY_PHASE_STRIP = NO;
				DEBUG_INFORMATION_FORMAT = dwarf;
				ENABLE_STRICT_OBJC_MSGSEND = YES;
				ENABLE_TESTABILITY = YES;
				GCC_C_LANGUAGE_STANDARD = gnu11;
				GCC_DYNAMIC_NO_PIC = NO;
				GCC_NO_COMMON_BLOCKS = YES;
				GCC_OPTIMIZATION_LEVEL = 0;
				GCC_PREPROCESSOR_DEFINITIONS = (
					"DEBUG=1",
					"$(inherited)",
				);
				GCC_WARN_64_TO_32_BIT_CONVERSION = YES;
				GCC_WARN_ABOUT_RETURN_TYPE = YES_ERROR;
				GCC_WARN_UNDECLARED_SELECTOR = YES;
				GCC_WARN_UNINITIALIZED_AUTOS = YES_AGGRESSIVE;
				GCC_WARN_UNUSED_FUNCTION = YES;
				GCC_WARN_UNUSED_VARIABLE = YES;
				IPHONEOS_DEPLOYMENT_TARGET = 12.0;
				MTL_ENABLE_DEBUG_INFO = INCLUDE_SOURCE;
				MTL_FAST_MATH = YES;
				ONLY_ACTIVE_ARCH = YES;
				SDKROOT = iphoneos;
			};
			name = Debug;
		};
		4C7103A721BA8B4F009F4E39 /* Release */ = {
			isa = XCBuildConfiguration;
			buildSettings = {
				ALWAYS_SEARCH_USER_PATHS = NO;
				CLANG_ANALYZER_NONNULL = YES;
				CLANG_ANALYZER_NUMBER_OBJECT_CONVERSION = YES_AGGRESSIVE;
				CLANG_CXX_LANGUAGE_STANDARD = "gnu++14";
				CLANG_CXX_LIBRARY = "libc++";
				CLANG_ENABLE_MODULES = YES;
				CLANG_ENABLE_OBJC_ARC = YES;
				CLANG_ENABLE_OBJC_WEAK = YES;
				CLANG_WARN_BLOCK_CAPTURE_AUTORELEASING = YES;
				CLANG_WARN_BOOL_CONVERSION = YES;
				CLANG_WARN_COMMA = YES;
				CLANG_WARN_CONSTANT_CONVERSION = YES;
				CLANG_WARN_DEPRECATED_OBJC_IMPLEMENTATIONS = YES;
				CLANG_WARN_DIRECT_OBJC_ISA_USAGE = YES_ERROR;
				CLANG_WARN_DOCUMENTATION_COMMENTS = YES;
				CLANG_WARN_EMPTY_BODY = YES;
				CLANG_WARN_ENUM_CONVERSION = YES;
				CLANG_WARN_INFINITE_RECURSION = YES;
				CLANG_WARN_INT_CONVERSION = YES;
				CLANG_WARN_NON_LITERAL_NULL_CONVERSION = YES;
				CLANG_WARN_OBJC_IMPLICIT_RETAIN_SELF = YES;
				CLANG_WARN_OBJC_LITERAL_CONVERSION = YES;
				CLANG_WARN_OBJC_ROOT_CLASS = YES_ERROR;
				CLANG_WARN_RANGE_LOOP_ANALYSIS = YES;
				CLANG_WARN_STRICT_PROTOTYPES = YES;
				CLANG_WARN_SUSPICIOUS_MOVE = YES;
				CLANG_WARN_UNGUARDED_AVAILABILITY = YES_AGGRESSIVE;
				CLANG_WARN_UNREACHABLE_CODE = YES;
				CLANG_WARN__DUPLICATE_METHOD_MATCH = YES;
				CODE_SIGN_IDENTITY = "iPhone Developer";
				COPY_PHASE_STRIP = NO;
				DEBUG_INFORMATION_FORMAT = "dwarf-with-dsym";
				ENABLE_NS_ASSERTIONS = NO;
				ENABLE_STRICT_OBJC_MSGSEND = YES;
				GCC_C_LANGUAGE_STANDARD = gnu11;
				GCC_NO_COMMON_BLOCKS = YES;
				GCC_WARN_64_TO_32_BIT_CONVERSION = YES;
				GCC_WARN_ABOUT_RETURN_TYPE = YES_ERROR;
				GCC_WARN_UNDECLARED_SELECTOR = YES;
				GCC_WARN_UNINITIALIZED_AUTOS = YES_AGGRESSIVE;
				GCC_WARN_UNUSED_FUNCTION = YES;
				GCC_WARN_UNUSED_VARIABLE = YES;
				IPHONEOS_DEPLOYMENT_TARGET = 12.0;
				MTL_ENABLE_DEBUG_INFO = NO;
				MTL_FAST_MATH = YES;
				SDKROOT = iphoneos;
				VALIDATE_PRODUCT = YES;
			};
			name = Release;
		};
		4C7103A921BA8B4F009F4E39 /* Debug */ = {
			isa = XCBuildConfiguration;
			buildSettings = {
				ASSETCATALOG_COMPILER_APPICON_NAME = AppIcon;
				CODE_SIGN_STYLE = Automatic;
				INFOPLIST_FILE = IosBuildPipelineProject/Info.plist;
				IPHONEOS_DEPLOYMENT_TARGET = 10.0;
				LD_RUNPATH_SEARCH_PATHS = (
					"$(inherited)",
					"@executable_path/Frameworks",
				);
				PRODUCT_BUNDLE_IDENTIFIER = pwc.IosBuildPipelineProject;
				PRODUCT_NAME = "$(TARGET_NAME)";
				TARGETED_DEVICE_FAMILY = "1,2";
			};
			name = Debug;
		};
		4C7103AA21BA8B4F009F4E39 /* Release */ = {
			isa = XCBuildConfiguration;
			buildSettings = {
				ASSETCATALOG_COMPILER_APPICON_NAME = AppIcon;
				CODE_SIGN_STYLE = Automatic;
				INFOPLIST_FILE = IosBuildPipelineProject/Info.plist;
				IPHONEOS_DEPLOYMENT_TARGET = 10.0;
				LD_RUNPATH_SEARCH_PATHS = (
					"$(inherited)",
					"@executable_path/Frameworks",
				);
				PRODUCT_BUNDLE_IDENTIFIER = pwc.IosBuildPipelineProject;
				PRODUCT_NAME = "$(TARGET_NAME)";
				TARGETED_DEVICE_FAMILY = "1,2";
			};
			name = Release;
		};
		4C7103AC21BA8B4F009F4E39 /* Debug */ = {
			isa = XCBuildConfiguration;
			buildSettings = {
				BUNDLE_LOADER = "$(TEST_HOST)";
				CODE_SIGN_STYLE = Automatic;
				INFOPLIST_FILE = IosBuildPipelineProjectTests/Info.plist;
				LD_RUNPATH_SEARCH_PATHS = (
					"$(inherited)",
					"@executable_path/Frameworks",
					"@loader_path/Frameworks",
				);
				PRODUCT_BUNDLE_IDENTIFIER = pwc.IosBuildPipelineProjectTests;
				PRODUCT_NAME = "$(TARGET_NAME)";
				TARGETED_DEVICE_FAMILY = "1,2";
				TEST_HOST = "$(BUILT_PRODUCTS_DIR)/IosBuildPipelineProject.app/IosBuildPipelineProject";
			};
			name = Debug;
		};
		4C7103AD21BA8B4F009F4E39 /* Release */ = {
			isa = XCBuildConfiguration;
			buildSettings = {
				BUNDLE_LOADER = "$(TEST_HOST)";
				CODE_SIGN_STYLE = Automatic;
				INFOPLIST_FILE = IosBuildPipelineProjectTests/Info.plist;
				LD_RUNPATH_SEARCH_PATHS = (
					"$(inherited)",
					"@executable_path/Frameworks",
					"@loader_path/Frameworks",
				);
				PRODUCT_BUNDLE_IDENTIFIER = pwc.IosBuildPipelineProjectTests;
				PRODUCT_NAME = "$(TARGET_NAME)";
				TARGETED_DEVICE_FAMILY = "1,2";
				TEST_HOST = "$(BUILT_PRODUCTS_DIR)/IosBuildPipelineProject.app/IosBuildPipelineProject";
			};
			name = Release;
		};
		4C7103AF21BA8B4F009F4E39 /* Debug */ = {
			isa = XCBuildConfiguration;
			buildSettings = {
				CODE_SIGN_STYLE = Automatic;
				INFOPLIST_FILE = IosBuildPipelineProjectUITests/Info.plist;
				LD_RUNPATH_SEARCH_PATHS = (
					"$(inherited)",
					"@executable_path/Frameworks",
					"@loader_path/Frameworks",
				);
				PRODUCT_BUNDLE_IDENTIFIER = pwc.IosBuildPipelineProjectUITests;
				PRODUCT_NAME = "$(TARGET_NAME)";
				TARGETED_DEVICE_FAMILY = "1,2";
				TEST_TARGET_NAME = IosBuildPipelineProject;
			};
			name = Debug;
		};
		4C7103B021BA8B4F009F4E39 /* Release */ = {
			isa = XCBuildConfiguration;
			buildSettings = {
				CODE_SIGN_STYLE = Automatic;
				INFOPLIST_FILE = IosBuildPipelineProjectUITests/Info.plist;
				LD_RUNPATH_SEARCH_PATHS = (
					"$(inherited)",
					"@executable_path/Frameworks",
					"@loader_path/Frameworks",
				);
				PRODUCT_BUNDLE_IDENTIFIER = pwc.IosBuildPipelineProjectUITests;
				PRODUCT_NAME = "$(TARGET_NAME)";
				TARGETED_DEVICE_FAMILY = "1,2";
				TEST_TARGET_NAME = IosBuildPipelineProject;
			};
			name = Release;
		};
/* End XCBuildConfiguration section */

/* Begin XCConfigurationList section */
		4C71037721BA8B4E009F4E39 /* Build configuration list for PBXProject "IosBuildPipelineProject" */ = {
			isa = XCConfigurationList;
			buildConfigurations = (
				4C7103A621BA8B4F009F4E39 /* Debug */,
				4C7103A721BA8B4F009F4E39 /* Release */,
			);
			defaultConfigurationIsVisible = 0;
			defaultConfigurationName = Release;
		};
		4C7103A821BA8B4F009F4E39 /* Build configuration list for PBXNativeTarget "IosBuildPipelineProject" */ = {
			isa = XCConfigurationList;
			buildConfigurations = (
				4C7103A921BA8B4F009F4E39 /* Debug */,
				4C7103AA21BA8B4F009F4E39 /* Release */,
			);
			defaultConfigurationIsVisible = 0;
			defaultConfigurationName = Release;
		};
		4C7103AB21BA8B4F009F4E39 /* Build configuration list for PBXNativeTarget "IosBuildPipelineProjectTests" */ = {
			isa = XCConfigurationList;
			buildConfigurations = (
				4C7103AC21BA8B4F009F4E39 /* Debug */,
				4C7103AD21BA8B4F009F4E39 /* Release */,
			);
			defaultConfigurationIsVisible = 0;
			defaultConfigurationName = Release;
		};
		4C7103AE21BA8B4F009F4E39 /* Build configuration list for PBXNativeTarget "IosBuildPipelineProjectUITests" */ = {
			isa = XCConfigurationList;
			buildConfigurations = (
				4C7103AF21BA8B4F009F4E39 /* Debug */,
				4C7103B021BA8B4F009F4E39 /* Release */,
			);
			defaultConfigurationIsVisible = 0;
			defaultConfigurationName = Release;
		};
/* End XCConfigurationList section */
	};
	rootObject = 4C71037421BA8B4E009F4E39 /* Project object */;
}
